
Microsoft Visual Studio Solution File, Format Version 12.00
# Visual Studio Version 16
VisualStudioVersion = 16.0.31005.135
MinimumVisualStudioVersion = 10.0.40219.1
Project("{9A19103F-16F7-4668-BE54-9A1E7A4F7556}") = "01.DefineAnInterfaceIPerson", "01.DefineAnInterfaceIPerson\01.DefineAnInterfaceIPerson.csproj", "{68F1B3B6-16E4-4D67-ABB6-51D2626DAD23}"
EndProject
Project("{9A19103F-16F7-4668-BE54-9A1E7A4F7556}") = "02.MultipleImplementation", "02.MultipleImplementation\02.MultipleImplementation.csproj", "{5FE50C11-DDA3-4673-85A4-E0BB7DD115B8}"
EndProject
Project("{9A19103F-16F7-4668-BE54-9A1E7A4F7556}") = "03.Telephony", "03.Telephony\03.Telephony.csproj", "{6433740D-80F6-4AC1-AF41-12B42077E425}"
EndProject
Project("{9A19103F-16F7-4668-BE54-9A1E7A4F7556}") = "04.BorderControl", "04.BorderControl\04.BorderControl.csproj", "{F7CF2055-9506-49C6-A13C-58D3F0E198BF}"
EndProject
Project("{9A19103F-16F7-4668-BE54-9A1E7A4F7556}") = "05.BirthdayCelebrations", "05.BirthdayCelebrations\05.BirthdayCelebrations.csproj", "{8D08E771-6F53-4AEB-8E57-FAFA0DB46817}"
EndProject
Project("{9A19103F-16F7-4668-BE54-9A1E7A4F7556}") = "06.FoodShortage", "06.FoodShortage\06.FoodShortage.csproj", "{8ADF28A7-A095-413A-B5EE-EEB7249EDCD0}"
EndProject
Project("{9A19103F-16F7-4668-BE54-9A1E7A4F7556}") = "07.MilitaryElite", "07.MilitaryElite\07.MilitaryElite.csproj", "{C0667ED7-FAEE-4995-8144-1BA5EF41078D}"
EndProject
Project("{FAE04EC0-301F-11D3-BF4B-00C04F79EFBC}") = "09.ExplicitInterfaces", "09.ExplicitInterfaces\09.ExplicitInterfaces.csproj", "{477E0B57-7652-4F1F-9ED5-C50E7A57085F}"
EndProject
Global
	GlobalSection(SolutionConfigurationPlatforms) = preSolution
		Debug|Any CPU = Debug|Any CPU
		Release|Any CPU = Release|Any CPU
	EndGlobalSection
	GlobalSection(ProjectConfigurationPlatforms) = postSolution
		{68F1B3B6-16E4-4D67-ABB6-51D2626DAD23}.Debug|Any CPU.ActiveCfg = Debug|Any CPU
		{68F1B3B6-16E4-4D67-ABB6-51D2626DAD23}.Debug|Any CPU.Build.0 = Debug|Any CPU
		{68F1B3B6-16E4-4D67-ABB6-51D2626DAD23}.Release|Any CPU.ActiveCfg = Release|Any CPU
		{68F1B3B6-16E4-4D67-ABB6-51D2626DAD23}.Release|Any CPU.Build.0 = Release|Any CPU
		{5FE50C11-DDA3-4673-85A4-E0BB7DD115B8}.Debug|Any CPU.ActiveCfg = Debug|Any CPU
		{5FE50C11-DDA3-4673-85A4-E0BB7DD115B8}.Debug|Any CPU.Build.0 = Debug|Any CPU
		{5FE50C11-DDA3-4673-85A4-E0BB7DD115B8}.Release|Any CPU.ActiveCfg = Release|Any CPU
		{5FE50C11-DDA3-4673-85A4-E0BB7DD115B8}.Release|Any CPU.Build.0 = Release|Any CPU
		{6433740D-80F6-4AC1-AF41-12B42077E425}.Debug|Any CPU.ActiveCfg = Debug|Any CPU
		{6433740D-80F6-4AC1-AF41-12B42077E425}.Debug|Any CPU.Build.0 = Debug|Any CPU
		{6433740D-80F6-4AC1-AF41-12B42077E425}.Release|Any CPU.ActiveCfg = Release|Any CPU
		{6433740D-80F6-4AC1-AF41-12B42077E425}.Release|Any CPU.Build.0 = Release|Any CPU
		{F7CF2055-9506-49C6-A13C-58D3F0E198BF}.Debug|Any CPU.ActiveCfg = Debug|Any CPU
		{F7CF2055-9506-49C6-A13C-58D3F0E198BF}.Debug|Any CPU.Build.0 = Debug|Any CPU
		{F7CF2055-9506-49C6-A13C-58D3F0E198BF}.Release|Any CPU.ActiveCfg = Release|Any CPU
		{F7CF2055-9506-49C6-A13C-58D3F0E198BF}.Release|Any CPU.Build.0 = Release|Any CPU
		{8D08E771-6F53-4AEB-8E57-FAFA0DB46817}.Debug|Any CPU.ActiveCfg = Debug|Any CPU
		{8D08E771-6F53-4AEB-8E57-FAFA0DB46817}.Debug|Any CPU.Build.0 = Debug|Any CPU
		{8D08E771-6F53-4AEB-8E57-FAFA0DB46817}.Release|Any CPU.ActiveCfg = Release|Any CPU
		{8D08E771-6F53-4AEB-8E57-FAFA0DB46817}.Release|Any CPU.Build.0 = Release|Any CPU
		{8ADF28A7-A095-413A-B5EE-EEB7249EDCD0}.Debug|Any CPU.ActiveCfg = Debug|Any CPU
		{8ADF28A7-A095-413A-B5EE-EEB7249EDCD0}.Debug|Any CPU.Build.0 = Debug|Any CPU
		{8ADF28A7-A095-413A-B5EE-EEB7249EDCD0}.Release|Any CPU.ActiveCfg = Release|Any CPU
		{8ADF28A7-A095-413A-B5EE-EEB7249EDCD0}.Release|Any CPU.Build.0 = Release|Any CPU
		{C0667ED7-FAEE-4995-8144-1BA5EF41078D}.Debug|Any CPU.ActiveCfg = Debug|Any CPU
		{C0667ED7-FAEE-4995-8144-1BA5EF41078D}.Debug|Any CPU.Build.0 = Debug|Any CPU
		{C0667ED7-FAEE-4995-8144-1BA5EF41078D}.Release|Any CPU.ActiveCfg = Release|Any CPU
		{C0667ED7-FAEE-4995-8144-1BA5EF41078D}.Release|Any CPU.Build.0 = Release|Any CPU
		{477E0B57-7652-4F1F-9ED5-C50E7A57085F}.Debug|Any CPU.ActiveCfg = Debug|Any CPU
		{477E0B57-7652-4F1F-9ED5-C50E7A57085F}.Debug|Any CPU.Build.0 = Debug|Any CPU
		{477E0B57-7652-4F1F-9ED5-C50E7A57085F}.Release|Any CPU.ActiveCfg = Release|Any CPU
		{477E0B57-7652-4F1F-9ED5-C50E7A57085F}.Release|Any CPU.Build.0 = Release|Any CPU
	EndGlobalSection
	GlobalSection(SolutionProperties) = preSolution
		HideSolutionNode = FALSE
	EndGlobalSection
	GlobalSection(ExtensibilityGlobals) = postSolution
		SolutionGuid = {5E70093E-B24A-48CD-8DDA-B0CC11ECB5F7}
	EndGlobalSection
EndGlobal
