
Microsoft Visual Studio Solution File, Format Version 12.00
# Visual Studio Version 16
VisualStudioVersion = 16.0.31005.135
MinimumVisualStudioVersion = 10.0.40219.1
Project("{9A19103F-16F7-4668-BE54-9A1E7A4F7556}") = "01.DefineAnInterfaceIPerson", "01.DefineAnInterfaceIPerson\01.DefineAnInterfaceIPerson.csproj", "{68F1B3B6-16E4-4D67-ABB6-51D2626DAD23}"
EndProject
Project("{FAE04EC0-301F-11D3-BF4B-00C04F79EFBC}") = "02.MultipleImplementation", "02.MultipleImplementation\02.MultipleImplementation.csproj", "{5FE50C11-DDA3-4673-85A4-E0BB7DD115B8}"
EndProject
Global
	GlobalSection(SolutionConfigurationPlatforms) = preSolution
		Debug|Any CPU = Debug|Any CPU
		Release|Any CPU = Release|Any CPU
	EndGlobalSection
	GlobalSection(ProjectConfigurationPlatforms) = postSolution
		{68F1B3B6-16E4-4D67-ABB6-51D2626DAD23}.Debug|Any CPU.ActiveCfg = Debug|Any CPU
		{68F1B3B6-16E4-4D67-ABB6-51D2626DAD23}.Debug|Any CPU.Build.0 = Debug|Any CPU
		{68F1B3B6-16E4-4D67-ABB6-51D2626DAD23}.Release|Any CPU.ActiveCfg = Release|Any CPU
		{68F1B3B6-16E4-4D67-ABB6-51D2626DAD23}.Release|Any CPU.Build.0 = Release|Any CPU
		{5FE50C11-DDA3-4673-85A4-E0BB7DD115B8}.Debug|Any CPU.ActiveCfg = Debug|Any CPU
		{5FE50C11-DDA3-4673-85A4-E0BB7DD115B8}.Debug|Any CPU.Build.0 = Debug|Any CPU
		{5FE50C11-DDA3-4673-85A4-E0BB7DD115B8}.Release|Any CPU.ActiveCfg = Release|Any CPU
		{5FE50C11-DDA3-4673-85A4-E0BB7DD115B8}.Release|Any CPU.Build.0 = Release|Any CPU
	EndGlobalSection
	GlobalSection(SolutionProperties) = preSolution
		HideSolutionNode = FALSE
	EndGlobalSection
	GlobalSection(ExtensibilityGlobals) = postSolution
		SolutionGuid = {5E70093E-B24A-48CD-8DDA-B0CC11ECB5F7}
	EndGlobalSection
EndGlobal
