
Microsoft Visual Studio Solution File, Format Version 12.00
# Visual Studio Version 16
VisualStudioVersion = 16.0.30709.132
MinimumVisualStudioVersion = 10.0.40219.1
Project("{9A19103F-16F7-4668-BE54-9A1E7A4F7556}") = "01. Count Real Numbers", "01. Count Real Numbers\01. Count Real Numbers.csproj", "{DA44C00C-7B34-4624-832B-68552647FCCB}"
EndProject
Project("{FAE04EC0-301F-11D3-BF4B-00C04F79EFBC}") = "02. Odd Occurrences", "02. Odd Occurrences\02. Odd Occurrences.csproj", "{3D062BD1-B312-4708-8131-EE3DEEF0E9D0}"
EndProject
Project("{FAE04EC0-301F-11D3-BF4B-00C04F79EFBC}") = "03. Word Synonyms", "03. Word Synonyms\03. Word Synonyms.csproj", "{4E0E9990-5BEF-4DF4-8240-95B05530E64D}"
EndProject
Project("{FAE04EC0-301F-11D3-BF4B-00C04F79EFBC}") = "04.Largest3Numbers", "04.Largest3Numbers\04.Largest3Numbers.csproj", "{0D3A1BDC-C2FF-4021-B3BC-D7EBA3194CBA}"
EndProject
Project("{FAE04EC0-301F-11D3-BF4B-00C04F79EFBC}") = "05.WordFilter", "05.WordFilter\05.WordFilter.csproj", "{5472B709-85A2-4C47-82BE-3A94D1AD8BE0}"
EndProject
Global
	GlobalSection(SolutionConfigurationPlatforms) = preSolution
		Debug|Any CPU = Debug|Any CPU
		Release|Any CPU = Release|Any CPU
	EndGlobalSection
	GlobalSection(ProjectConfigurationPlatforms) = postSolution
		{DA44C00C-7B34-4624-832B-68552647FCCB}.Debug|Any CPU.ActiveCfg = Debug|Any CPU
		{DA44C00C-7B34-4624-832B-68552647FCCB}.Debug|Any CPU.Build.0 = Debug|Any CPU
		{DA44C00C-7B34-4624-832B-68552647FCCB}.Release|Any CPU.ActiveCfg = Release|Any CPU
		{DA44C00C-7B34-4624-832B-68552647FCCB}.Release|Any CPU.Build.0 = Release|Any CPU
		{3D062BD1-B312-4708-8131-EE3DEEF0E9D0}.Debug|Any CPU.ActiveCfg = Debug|Any CPU
		{3D062BD1-B312-4708-8131-EE3DEEF0E9D0}.Debug|Any CPU.Build.0 = Debug|Any CPU
		{3D062BD1-B312-4708-8131-EE3DEEF0E9D0}.Release|Any CPU.ActiveCfg = Release|Any CPU
		{3D062BD1-B312-4708-8131-EE3DEEF0E9D0}.Release|Any CPU.Build.0 = Release|Any CPU
		{4E0E9990-5BEF-4DF4-8240-95B05530E64D}.Debug|Any CPU.ActiveCfg = Debug|Any CPU
		{4E0E9990-5BEF-4DF4-8240-95B05530E64D}.Debug|Any CPU.Build.0 = Debug|Any CPU
		{4E0E9990-5BEF-4DF4-8240-95B05530E64D}.Release|Any CPU.ActiveCfg = Release|Any CPU
		{4E0E9990-5BEF-4DF4-8240-95B05530E64D}.Release|Any CPU.Build.0 = Release|Any CPU
		{0D3A1BDC-C2FF-4021-B3BC-D7EBA3194CBA}.Debug|Any CPU.ActiveCfg = Debug|Any CPU
		{0D3A1BDC-C2FF-4021-B3BC-D7EBA3194CBA}.Debug|Any CPU.Build.0 = Debug|Any CPU
		{0D3A1BDC-C2FF-4021-B3BC-D7EBA3194CBA}.Release|Any CPU.ActiveCfg = Release|Any CPU
		{0D3A1BDC-C2FF-4021-B3BC-D7EBA3194CBA}.Release|Any CPU.Build.0 = Release|Any CPU
		{5472B709-85A2-4C47-82BE-3A94D1AD8BE0}.Debug|Any CPU.ActiveCfg = Debug|Any CPU
		{5472B709-85A2-4C47-82BE-3A94D1AD8BE0}.Debug|Any CPU.Build.0 = Debug|Any CPU
		{5472B709-85A2-4C47-82BE-3A94D1AD8BE0}.Release|Any CPU.ActiveCfg = Release|Any CPU
		{5472B709-85A2-4C47-82BE-3A94D1AD8BE0}.Release|Any CPU.Build.0 = Release|Any CPU
	EndGlobalSection
	GlobalSection(SolutionProperties) = preSolution
		HideSolutionNode = FALSE
	EndGlobalSection
	GlobalSection(ExtensibilityGlobals) = postSolution
		SolutionGuid = {DF85E015-9203-48FA-9D97-368B23CF8CE9}
	EndGlobalSection
EndGlobal
