
Microsoft Visual Studio Solution File, Format Version 12.00
# Visual Studio Version 16
VisualStudioVersion = 16.0.31005.135
MinimumVisualStudioVersion = 10.0.40219.1
Project("{FAE04EC0-301F-11D3-BF4B-00C04F79EFBC}") = "01.BombsStackAndQueue", "01.StackAndQueue\01.BombsStackAndQueue.csproj", "{5BB13BC0-C754-4283-830D-ECC7A2467B72}"
EndProject
Project("{FAE04EC0-301F-11D3-BF4B-00C04F79EFBC}") = "02.SnakeMatrix", "02.SnakeMatrix\02.SnakeMatrix.csproj", "{BCB91B03-B7D2-4CEF-B2A8-B56AE47399F8}"
EndProject
Project("{9A19103F-16F7-4668-BE54-9A1E7A4F7556}") = "Parking", "Parking\Parking\Parking.csproj", "{F26842C1-40B1-4D67-8741-AC12C79AED79}"
EndProject
Global
	GlobalSection(SolutionConfigurationPlatforms) = preSolution
		Debug|Any CPU = Debug|Any CPU
		Release|Any CPU = Release|Any CPU
	EndGlobalSection
	GlobalSection(ProjectConfigurationPlatforms) = postSolution
		{5BB13BC0-C754-4283-830D-ECC7A2467B72}.Debug|Any CPU.ActiveCfg = Debug|Any CPU
		{5BB13BC0-C754-4283-830D-ECC7A2467B72}.Debug|Any CPU.Build.0 = Debug|Any CPU
		{5BB13BC0-C754-4283-830D-ECC7A2467B72}.Release|Any CPU.ActiveCfg = Release|Any CPU
		{5BB13BC0-C754-4283-830D-ECC7A2467B72}.Release|Any CPU.Build.0 = Release|Any CPU
		{BCB91B03-B7D2-4CEF-B2A8-B56AE47399F8}.Debug|Any CPU.ActiveCfg = Debug|Any CPU
		{BCB91B03-B7D2-4CEF-B2A8-B56AE47399F8}.Debug|Any CPU.Build.0 = Debug|Any CPU
		{BCB91B03-B7D2-4CEF-B2A8-B56AE47399F8}.Release|Any CPU.ActiveCfg = Release|Any CPU
		{BCB91B03-B7D2-4CEF-B2A8-B56AE47399F8}.Release|Any CPU.Build.0 = Release|Any CPU
		{F26842C1-40B1-4D67-8741-AC12C79AED79}.Debug|Any CPU.ActiveCfg = Debug|Any CPU
		{F26842C1-40B1-4D67-8741-AC12C79AED79}.Debug|Any CPU.Build.0 = Debug|Any CPU
		{F26842C1-40B1-4D67-8741-AC12C79AED79}.Release|Any CPU.ActiveCfg = Release|Any CPU
		{F26842C1-40B1-4D67-8741-AC12C79AED79}.Release|Any CPU.Build.0 = Release|Any CPU
	EndGlobalSection
	GlobalSection(SolutionProperties) = preSolution
		HideSolutionNode = FALSE
	EndGlobalSection
	GlobalSection(ExtensibilityGlobals) = postSolution
		SolutionGuid = {F1A1B09D-3C39-4EE7-9817-732778E2DF23}
	EndGlobalSection
EndGlobal
