
Microsoft Visual Studio Solution File, Format Version 12.00
# Visual Studio Version 16
VisualStudioVersion = 16.0.30804.86
MinimumVisualStudioVersion = 10.0.40219.1
Project("{9A19103F-16F7-4668-BE54-9A1E7A4F7556}") = "01.Car", "01.Car\01.Car.csproj", "{B4A09CD3-D64E-42F5-92A0-B1293302535C}"
EndProject
Project("{9A19103F-16F7-4668-BE54-9A1E7A4F7556}") = "2.CarExtension", "2.CarExtension\2.CarExtension.csproj", "{0B16213D-6541-49EB-8F5E-E5830F9FC784}"
EndProject
Project("{FAE04EC0-301F-11D3-BF4B-00C04F79EFBC}") = "03.CarConstructors", "03.CarConstructors\03.CarConstructors.csproj", "{EC6441EC-5504-4585-8311-2F962E3F34FF}"
EndProject
Project("{FAE04EC0-301F-11D3-BF4B-00C04F79EFBC}") = "04.CarEngineAndTires", "04.CarEngineAndTires\04.CarEngineAndTires.csproj", "{E4560C7C-0D8C-43E1-BA99-12A7053D46F8}"
EndProject
Global
	GlobalSection(SolutionConfigurationPlatforms) = preSolution
		Debug|Any CPU = Debug|Any CPU
		Release|Any CPU = Release|Any CPU
	EndGlobalSection
	GlobalSection(ProjectConfigurationPlatforms) = postSolution
		{B4A09CD3-D64E-42F5-92A0-B1293302535C}.Debug|Any CPU.ActiveCfg = Debug|Any CPU
		{B4A09CD3-D64E-42F5-92A0-B1293302535C}.Debug|Any CPU.Build.0 = Debug|Any CPU
		{B4A09CD3-D64E-42F5-92A0-B1293302535C}.Release|Any CPU.ActiveCfg = Release|Any CPU
		{B4A09CD3-D64E-42F5-92A0-B1293302535C}.Release|Any CPU.Build.0 = Release|Any CPU
		{0B16213D-6541-49EB-8F5E-E5830F9FC784}.Debug|Any CPU.ActiveCfg = Debug|Any CPU
		{0B16213D-6541-49EB-8F5E-E5830F9FC784}.Debug|Any CPU.Build.0 = Debug|Any CPU
		{0B16213D-6541-49EB-8F5E-E5830F9FC784}.Release|Any CPU.ActiveCfg = Release|Any CPU
		{0B16213D-6541-49EB-8F5E-E5830F9FC784}.Release|Any CPU.Build.0 = Release|Any CPU
		{EC6441EC-5504-4585-8311-2F962E3F34FF}.Debug|Any CPU.ActiveCfg = Debug|Any CPU
		{EC6441EC-5504-4585-8311-2F962E3F34FF}.Debug|Any CPU.Build.0 = Debug|Any CPU
		{EC6441EC-5504-4585-8311-2F962E3F34FF}.Release|Any CPU.ActiveCfg = Release|Any CPU
		{EC6441EC-5504-4585-8311-2F962E3F34FF}.Release|Any CPU.Build.0 = Release|Any CPU
		{E4560C7C-0D8C-43E1-BA99-12A7053D46F8}.Debug|Any CPU.ActiveCfg = Debug|Any CPU
		{E4560C7C-0D8C-43E1-BA99-12A7053D46F8}.Debug|Any CPU.Build.0 = Debug|Any CPU
		{E4560C7C-0D8C-43E1-BA99-12A7053D46F8}.Release|Any CPU.ActiveCfg = Release|Any CPU
		{E4560C7C-0D8C-43E1-BA99-12A7053D46F8}.Release|Any CPU.Build.0 = Release|Any CPU
	EndGlobalSection
	GlobalSection(SolutionProperties) = preSolution
		HideSolutionNode = FALSE
	EndGlobalSection
	GlobalSection(ExtensibilityGlobals) = postSolution
		SolutionGuid = {E6C12D9D-3A3A-4D56-8C01-ABC3E2CF0578}
	EndGlobalSection
EndGlobal
