
Microsoft Visual Studio Solution File, Format Version 12.00
# Visual Studio Version 16
VisualStudioVersion = 16.0.31005.135
MinimumVisualStudioVersion = 10.0.40219.1
Project("{9A19103F-16F7-4668-BE54-9A1E7A4F7556}") = "01.ClassBoxData", "01.ClassBoxData\01.ClassBoxData.csproj", "{5BDE5E85-9864-4EE4-8EC2-3ED4D0ED9168}"
EndProject
Project("{9A19103F-16F7-4668-BE54-9A1E7A4F7556}") = "AnimalFarm", "AnimalFarm\AnimalFarm.csproj", "{781C1BA4-0332-4369-98B9-597C2693C141}"
EndProject
Project("{FAE04EC0-301F-11D3-BF4B-00C04F79EFBC}") = "03.ShoppingSpree", "03.ShoppingSpree\03.ShoppingSpree.csproj", "{F340A20D-C53C-434A-9AAF-ED0006DDEA77}"
EndProject
Global
	GlobalSection(SolutionConfigurationPlatforms) = preSolution
		Debug|Any CPU = Debug|Any CPU
		Release|Any CPU = Release|Any CPU
	EndGlobalSection
	GlobalSection(ProjectConfigurationPlatforms) = postSolution
		{5BDE5E85-9864-4EE4-8EC2-3ED4D0ED9168}.Debug|Any CPU.ActiveCfg = Debug|Any CPU
		{5BDE5E85-9864-4EE4-8EC2-3ED4D0ED9168}.Debug|Any CPU.Build.0 = Debug|Any CPU
		{5BDE5E85-9864-4EE4-8EC2-3ED4D0ED9168}.Release|Any CPU.ActiveCfg = Release|Any CPU
		{5BDE5E85-9864-4EE4-8EC2-3ED4D0ED9168}.Release|Any CPU.Build.0 = Release|Any CPU
		{781C1BA4-0332-4369-98B9-597C2693C141}.Debug|Any CPU.ActiveCfg = Debug|Any CPU
		{781C1BA4-0332-4369-98B9-597C2693C141}.Debug|Any CPU.Build.0 = Debug|Any CPU
		{781C1BA4-0332-4369-98B9-597C2693C141}.Release|Any CPU.ActiveCfg = Release|Any CPU
		{781C1BA4-0332-4369-98B9-597C2693C141}.Release|Any CPU.Build.0 = Release|Any CPU
		{F340A20D-C53C-434A-9AAF-ED0006DDEA77}.Debug|Any CPU.ActiveCfg = Debug|Any CPU
		{F340A20D-C53C-434A-9AAF-ED0006DDEA77}.Debug|Any CPU.Build.0 = Debug|Any CPU
		{F340A20D-C53C-434A-9AAF-ED0006DDEA77}.Release|Any CPU.ActiveCfg = Release|Any CPU
		{F340A20D-C53C-434A-9AAF-ED0006DDEA77}.Release|Any CPU.Build.0 = Release|Any CPU
	EndGlobalSection
	GlobalSection(SolutionProperties) = preSolution
		HideSolutionNode = FALSE
	EndGlobalSection
	GlobalSection(ExtensibilityGlobals) = postSolution
		SolutionGuid = {9C2C38F8-1946-49A8-9283-646C1A0AE4A7}
	EndGlobalSection
EndGlobal
