
Microsoft Visual Studio Solution File, Format Version 12.00
# Visual Studio Version 17
VisualStudioVersion = 17.0.32112.339
MinimumVisualStudioVersion = 10.0.40219.1
Project("{FAE04EC0-301F-11D3-BF4B-00C04F79EFBC}") = "Chronometer", "Chronometer.csproj", "{97C9E4FA-E09D-4E4E-8D3D-548141D54EF4}"
EndProject
Global
	GlobalSection(SolutionConfigurationPlatforms) = preSolution
		Debug|Any CPU = Debug|Any CPU
		Release|Any CPU = Release|Any CPU
	EndGlobalSection
	GlobalSection(ProjectConfigurationPlatforms) = postSolution
		{97C9E4FA-E09D-4E4E-8D3D-548141D54EF4}.Debug|Any CPU.ActiveCfg = Debug|Any CPU
		{97C9E4FA-E09D-4E4E-8D3D-548141D54EF4}.Debug|Any CPU.Build.0 = Debug|Any CPU
		{97C9E4FA-E09D-4E4E-8D3D-548141D54EF4}.Release|Any CPU.ActiveCfg = Release|Any CPU
		{97C9E4FA-E09D-4E4E-8D3D-548141D54EF4}.Release|Any CPU.Build.0 = Release|Any CPU
	EndGlobalSection
	GlobalSection(SolutionProperties) = preSolution
		HideSolutionNode = FALSE
	EndGlobalSection
	GlobalSection(ExtensibilityGlobals) = postSolution
		SolutionGuid = {E906AFAE-D3F5-4206-955E-7ACA1945652B}
	EndGlobalSection
EndGlobal
