
Microsoft Visual Studio Solution File, Format Version 12.00
# Visual Studio Version 16
VisualStudioVersion = 16.0.30804.86
MinimumVisualStudioVersion = 10.0.40219.1
Project("{9A19103F-16F7-4668-BE54-9A1E7A4F7556}") = "01. Bombs", "01. Bombs\01. Bombs.csproj", "{F4A12E2C-81AA-42EB-9135-A708E77D8C0D}"
EndProject
Project("{9A19103F-16F7-4668-BE54-9A1E7A4F7556}") = "02.Snake", "02.Snake\02.Snake.csproj", "{23EF81B2-D78B-427D-95D9-80942D6B3D10}"
EndProject
Project("{9A19103F-16F7-4668-BE54-9A1E7A4F7556}") = "ClassroomProject", "..\..\C# Advanced Exam - 25 October 2020\AdvancedExam25October2020\03.Classroom\ClassroomProject.csproj", "{AB020392-7C40-4517-8903-A78CE6455018}"
EndProject
Project("{9A19103F-16F7-4668-BE54-9A1E7A4F7556}") = "Parking", "Parking\Parking\Parking.csproj", "{141F590C-F530-4CF9-AD56-063C5401BCA5}"
EndProject
Global
	GlobalSection(SolutionConfigurationPlatforms) = preSolution
		Debug|Any CPU = Debug|Any CPU
		Release|Any CPU = Release|Any CPU
	EndGlobalSection
	GlobalSection(ProjectConfigurationPlatforms) = postSolution
		{F4A12E2C-81AA-42EB-9135-A708E77D8C0D}.Debug|Any CPU.ActiveCfg = Debug|Any CPU
		{F4A12E2C-81AA-42EB-9135-A708E77D8C0D}.Debug|Any CPU.Build.0 = Debug|Any CPU
		{F4A12E2C-81AA-42EB-9135-A708E77D8C0D}.Release|Any CPU.ActiveCfg = Release|Any CPU
		{F4A12E2C-81AA-42EB-9135-A708E77D8C0D}.Release|Any CPU.Build.0 = Release|Any CPU
		{23EF81B2-D78B-427D-95D9-80942D6B3D10}.Debug|Any CPU.ActiveCfg = Debug|Any CPU
		{23EF81B2-D78B-427D-95D9-80942D6B3D10}.Debug|Any CPU.Build.0 = Debug|Any CPU
		{23EF81B2-D78B-427D-95D9-80942D6B3D10}.Release|Any CPU.ActiveCfg = Release|Any CPU
		{23EF81B2-D78B-427D-95D9-80942D6B3D10}.Release|Any CPU.Build.0 = Release|Any CPU
		{AB020392-7C40-4517-8903-A78CE6455018}.Debug|Any CPU.ActiveCfg = Debug|Any CPU
		{AB020392-7C40-4517-8903-A78CE6455018}.Debug|Any CPU.Build.0 = Debug|Any CPU
		{AB020392-7C40-4517-8903-A78CE6455018}.Release|Any CPU.ActiveCfg = Release|Any CPU
		{AB020392-7C40-4517-8903-A78CE6455018}.Release|Any CPU.Build.0 = Release|Any CPU
		{141F590C-F530-4CF9-AD56-063C5401BCA5}.Debug|Any CPU.ActiveCfg = Debug|Any CPU
		{141F590C-F530-4CF9-AD56-063C5401BCA5}.Debug|Any CPU.Build.0 = Debug|Any CPU
		{141F590C-F530-4CF9-AD56-063C5401BCA5}.Release|Any CPU.ActiveCfg = Release|Any CPU
		{141F590C-F530-4CF9-AD56-063C5401BCA5}.Release|Any CPU.Build.0 = Release|Any CPU
	EndGlobalSection
	GlobalSection(SolutionProperties) = preSolution
		HideSolutionNode = FALSE
	EndGlobalSection
	GlobalSection(ExtensibilityGlobals) = postSolution
		SolutionGuid = {EC504062-35D6-4550-AC2E-BA4E517ED821}
	EndGlobalSection
EndGlobal
