
Microsoft Visual Studio Solution File, Format Version 12.00
# Visual Studio Version 17
VisualStudioVersion = 17.1.32328.378
MinimumVisualStudioVersion = 10.0.40219.1
Project("{9A19103F-16F7-4668-BE54-9A1E7A4F7556}") = "Generating-Vectors", "Generating-Vectors\Generating-Vectors.csproj", "{FDDA02F0-9284-4156-9A97-03794F862CA6}"
EndProject
Project("{FAE04EC0-301F-11D3-BF4B-00C04F79EFBC}") = "Recursive-Array-Sum", "Recursive-Array-Sum\Recursive-Array-Sum.csproj", "{47DD1E88-6124-4969-90D7-E0EB20A26811}"
EndProject
Project("{FAE04EC0-301F-11D3-BF4B-00C04F79EFBC}") = "Recursive-Drawing", "Recursive-Drawing\Recursive-Drawing.csproj", "{F81A5F86-6298-4C3C-A3D2-EE40697221C5}"
EndProject
Project("{FAE04EC0-301F-11D3-BF4B-00C04F79EFBC}") = "Recursive-Factorial", "Recursive-Factorial\Recursive-Factorial.csproj", "{F760D671-3F22-4216-A5A4-C866B3885D79}"
EndProject
Global
	GlobalSection(SolutionConfigurationPlatforms) = preSolution
		Debug|Any CPU = Debug|Any CPU
		Release|Any CPU = Release|Any CPU
	EndGlobalSection
	GlobalSection(ProjectConfigurationPlatforms) = postSolution
		{FDDA02F0-9284-4156-9A97-03794F862CA6}.Debug|Any CPU.ActiveCfg = Debug|Any CPU
		{FDDA02F0-9284-4156-9A97-03794F862CA6}.Debug|Any CPU.Build.0 = Debug|Any CPU
		{FDDA02F0-9284-4156-9A97-03794F862CA6}.Release|Any CPU.ActiveCfg = Release|Any CPU
		{FDDA02F0-9284-4156-9A97-03794F862CA6}.Release|Any CPU.Build.0 = Release|Any CPU
		{47DD1E88-6124-4969-90D7-E0EB20A26811}.Debug|Any CPU.ActiveCfg = Debug|Any CPU
		{47DD1E88-6124-4969-90D7-E0EB20A26811}.Debug|Any CPU.Build.0 = Debug|Any CPU
		{47DD1E88-6124-4969-90D7-E0EB20A26811}.Release|Any CPU.ActiveCfg = Release|Any CPU
		{47DD1E88-6124-4969-90D7-E0EB20A26811}.Release|Any CPU.Build.0 = Release|Any CPU
		{F81A5F86-6298-4C3C-A3D2-EE40697221C5}.Debug|Any CPU.ActiveCfg = Debug|Any CPU
		{F81A5F86-6298-4C3C-A3D2-EE40697221C5}.Debug|Any CPU.Build.0 = Debug|Any CPU
		{F81A5F86-6298-4C3C-A3D2-EE40697221C5}.Release|Any CPU.ActiveCfg = Release|Any CPU
		{F81A5F86-6298-4C3C-A3D2-EE40697221C5}.Release|Any CPU.Build.0 = Release|Any CPU
		{F760D671-3F22-4216-A5A4-C866B3885D79}.Debug|Any CPU.ActiveCfg = Debug|Any CPU
		{F760D671-3F22-4216-A5A4-C866B3885D79}.Debug|Any CPU.Build.0 = Debug|Any CPU
		{F760D671-3F22-4216-A5A4-C866B3885D79}.Release|Any CPU.ActiveCfg = Release|Any CPU
		{F760D671-3F22-4216-A5A4-C866B3885D79}.Release|Any CPU.Build.0 = Release|Any CPU
	EndGlobalSection
	GlobalSection(SolutionProperties) = preSolution
		HideSolutionNode = FALSE
	EndGlobalSection
	GlobalSection(ExtensibilityGlobals) = postSolution
		SolutionGuid = {D8F7F5F9-C1E2-4424-B35E-1A2ABF44E86E}
	EndGlobalSection
EndGlobal
