
Microsoft Visual Studio Solution File, Format Version 12.00
# Visual Studio Version 16
VisualStudioVersion = 16.0.30709.132
MinimumVisualStudioVersion = 10.0.40219.1
Project("{9A19103F-16F7-4668-BE54-9A1E7A4F7556}") = "01. Count Chars in a String", "01. Count Chars in a String\01. Count Chars in a String.csproj", "{C4D9CE15-88A3-4A47-B0EA-551B72FA642B}"
EndProject
Project("{9A19103F-16F7-4668-BE54-9A1E7A4F7556}") = "02.AMinerTask", "02.AMinerTask\02.AMinerTask.csproj", "{7CAD5C61-B8F5-449D-AEF7-E6828CABCB08}"
EndProject
Project("{9A19103F-16F7-4668-BE54-9A1E7A4F7556}") = "03.LegendaryFarming", "03.LegendaryFarming\03.LegendaryFarming.csproj", "{4408B9BD-88A3-475E-A804-9D5F9BC3E53E}"
EndProject
Project("{9A19103F-16F7-4668-BE54-9A1E7A4F7556}") = "04.Orders", "04.Orders\04.Orders.csproj", "{FC208D4D-0228-4718-8B5C-BA6D00C0BEC5}"
EndProject
Project("{9A19103F-16F7-4668-BE54-9A1E7A4F7556}") = "05. SoftUniParking", "05. SoftUniParking\05. SoftUniParking.csproj", "{E3EB9614-BDBB-406C-90D3-BC32B3204FEF}"
EndProject
Project("{9A19103F-16F7-4668-BE54-9A1E7A4F7556}") = "06. Courses", "06. Courses\06. Courses.csproj", "{F9706036-B06F-45AB-B313-6984248E91C0}"
EndProject
Project("{9A19103F-16F7-4668-BE54-9A1E7A4F7556}") = "07. StudentAcademy", "07. StudentAcademy\07. StudentAcademy.csproj", "{8CDECC12-B5DA-46D5-B6CC-BE60FB839122}"
EndProject
Project("{9A19103F-16F7-4668-BE54-9A1E7A4F7556}") = "08.CompanyUsers", "08.CompanyUsers\08.CompanyUsers.csproj", "{D8953161-0C6A-482B-A3FA-75B6CF2E4659}"
EndProject
Project("{9A19103F-16F7-4668-BE54-9A1E7A4F7556}") = "09. ForceBook", "09. ForceBook\09. ForceBook.csproj", "{21FDCC79-EC3F-49E8-8E02-F794FDBC6ABF}"
EndProject
Project("{FAE04EC0-301F-11D3-BF4B-00C04F79EFBC}") = "10. SoftUni Exam Results", "10. SoftUni Exam Results\10. SoftUni Exam Results.csproj", "{D2EDC85E-D81B-4432-8C1E-D8B2303463AD}"
EndProject
Global
	GlobalSection(SolutionConfigurationPlatforms) = preSolution
		Debug|Any CPU = Debug|Any CPU
		Release|Any CPU = Release|Any CPU
	EndGlobalSection
	GlobalSection(ProjectConfigurationPlatforms) = postSolution
		{C4D9CE15-88A3-4A47-B0EA-551B72FA642B}.Debug|Any CPU.ActiveCfg = Debug|Any CPU
		{C4D9CE15-88A3-4A47-B0EA-551B72FA642B}.Debug|Any CPU.Build.0 = Debug|Any CPU
		{C4D9CE15-88A3-4A47-B0EA-551B72FA642B}.Release|Any CPU.ActiveCfg = Release|Any CPU
		{C4D9CE15-88A3-4A47-B0EA-551B72FA642B}.Release|Any CPU.Build.0 = Release|Any CPU
		{7CAD5C61-B8F5-449D-AEF7-E6828CABCB08}.Debug|Any CPU.ActiveCfg = Debug|Any CPU
		{7CAD5C61-B8F5-449D-AEF7-E6828CABCB08}.Debug|Any CPU.Build.0 = Debug|Any CPU
		{7CAD5C61-B8F5-449D-AEF7-E6828CABCB08}.Release|Any CPU.ActiveCfg = Release|Any CPU
		{7CAD5C61-B8F5-449D-AEF7-E6828CABCB08}.Release|Any CPU.Build.0 = Release|Any CPU
		{4408B9BD-88A3-475E-A804-9D5F9BC3E53E}.Debug|Any CPU.ActiveCfg = Debug|Any CPU
		{4408B9BD-88A3-475E-A804-9D5F9BC3E53E}.Debug|Any CPU.Build.0 = Debug|Any CPU
		{4408B9BD-88A3-475E-A804-9D5F9BC3E53E}.Release|Any CPU.ActiveCfg = Release|Any CPU
		{4408B9BD-88A3-475E-A804-9D5F9BC3E53E}.Release|Any CPU.Build.0 = Release|Any CPU
		{FC208D4D-0228-4718-8B5C-BA6D00C0BEC5}.Debug|Any CPU.ActiveCfg = Debug|Any CPU
		{FC208D4D-0228-4718-8B5C-BA6D00C0BEC5}.Debug|Any CPU.Build.0 = Debug|Any CPU
		{FC208D4D-0228-4718-8B5C-BA6D00C0BEC5}.Release|Any CPU.ActiveCfg = Release|Any CPU
		{FC208D4D-0228-4718-8B5C-BA6D00C0BEC5}.Release|Any CPU.Build.0 = Release|Any CPU
		{E3EB9614-BDBB-406C-90D3-BC32B3204FEF}.Debug|Any CPU.ActiveCfg = Debug|Any CPU
		{E3EB9614-BDBB-406C-90D3-BC32B3204FEF}.Debug|Any CPU.Build.0 = Debug|Any CPU
		{E3EB9614-BDBB-406C-90D3-BC32B3204FEF}.Release|Any CPU.ActiveCfg = Release|Any CPU
		{E3EB9614-BDBB-406C-90D3-BC32B3204FEF}.Release|Any CPU.Build.0 = Release|Any CPU
		{F9706036-B06F-45AB-B313-6984248E91C0}.Debug|Any CPU.ActiveCfg = Debug|Any CPU
		{F9706036-B06F-45AB-B313-6984248E91C0}.Debug|Any CPU.Build.0 = Debug|Any CPU
		{F9706036-B06F-45AB-B313-6984248E91C0}.Release|Any CPU.ActiveCfg = Release|Any CPU
		{F9706036-B06F-45AB-B313-6984248E91C0}.Release|Any CPU.Build.0 = Release|Any CPU
		{8CDECC12-B5DA-46D5-B6CC-BE60FB839122}.Debug|Any CPU.ActiveCfg = Debug|Any CPU
		{8CDECC12-B5DA-46D5-B6CC-BE60FB839122}.Debug|Any CPU.Build.0 = Debug|Any CPU
		{8CDECC12-B5DA-46D5-B6CC-BE60FB839122}.Release|Any CPU.ActiveCfg = Release|Any CPU
		{8CDECC12-B5DA-46D5-B6CC-BE60FB839122}.Release|Any CPU.Build.0 = Release|Any CPU
		{D8953161-0C6A-482B-A3FA-75B6CF2E4659}.Debug|Any CPU.ActiveCfg = Debug|Any CPU
		{D8953161-0C6A-482B-A3FA-75B6CF2E4659}.Debug|Any CPU.Build.0 = Debug|Any CPU
		{D8953161-0C6A-482B-A3FA-75B6CF2E4659}.Release|Any CPU.ActiveCfg = Release|Any CPU
		{D8953161-0C6A-482B-A3FA-75B6CF2E4659}.Release|Any CPU.Build.0 = Release|Any CPU
		{21FDCC79-EC3F-49E8-8E02-F794FDBC6ABF}.Debug|Any CPU.ActiveCfg = Debug|Any CPU
		{21FDCC79-EC3F-49E8-8E02-F794FDBC6ABF}.Debug|Any CPU.Build.0 = Debug|Any CPU
		{21FDCC79-EC3F-49E8-8E02-F794FDBC6ABF}.Release|Any CPU.ActiveCfg = Release|Any CPU
		{21FDCC79-EC3F-49E8-8E02-F794FDBC6ABF}.Release|Any CPU.Build.0 = Release|Any CPU
		{D2EDC85E-D81B-4432-8C1E-D8B2303463AD}.Debug|Any CPU.ActiveCfg = Debug|Any CPU
		{D2EDC85E-D81B-4432-8C1E-D8B2303463AD}.Debug|Any CPU.Build.0 = Debug|Any CPU
		{D2EDC85E-D81B-4432-8C1E-D8B2303463AD}.Release|Any CPU.ActiveCfg = Release|Any CPU
		{D2EDC85E-D81B-4432-8C1E-D8B2303463AD}.Release|Any CPU.Build.0 = Release|Any CPU
	EndGlobalSection
	GlobalSection(SolutionProperties) = preSolution
		HideSolutionNode = FALSE
	EndGlobalSection
	GlobalSection(ExtensibilityGlobals) = postSolution
		SolutionGuid = {EE264249-CD9F-48A3-B1F7-1644A8BE7BB1}
	EndGlobalSection
EndGlobal
