
Microsoft Visual Studio Solution File, Format Version 12.00
# Visual Studio Version 16
VisualStudioVersion = 16.0.31005.135
MinimumVisualStudioVersion = 10.0.40219.1
Project("{FAE04EC0-301F-11D3-BF4B-00C04F79EFBC}") = "SoftUni", "SoftUni.csproj", "{5F785C35-36A3-460A-8A06-18D0F2F3DA3C}"
EndProject
Global
	GlobalSection(SolutionConfigurationPlatforms) = preSolution
		Debug|Any CPU = Debug|Any CPU
		Release|Any CPU = Release|Any CPU
	EndGlobalSection
	GlobalSection(ProjectConfigurationPlatforms) = postSolution
		{5F785C35-36A3-460A-8A06-18D0F2F3DA3C}.Debug|Any CPU.ActiveCfg = Debug|Any CPU
		{5F785C35-36A3-460A-8A06-18D0F2F3DA3C}.Debug|Any CPU.Build.0 = Debug|Any CPU
		{5F785C35-36A3-460A-8A06-18D0F2F3DA3C}.Release|Any CPU.ActiveCfg = Release|Any CPU
		{5F785C35-36A3-460A-8A06-18D0F2F3DA3C}.Release|Any CPU.Build.0 = Release|Any CPU
	EndGlobalSection
	GlobalSection(SolutionProperties) = preSolution
		HideSolutionNode = FALSE
	EndGlobalSection
	GlobalSection(ExtensibilityGlobals) = postSolution
		SolutionGuid = {7C050EB6-97F8-4C89-8C4C-279398EF040F}
	EndGlobalSection
EndGlobal
