
Microsoft Visual Studio Solution File, Format Version 12.00
# Visual Studio Version 16
VisualStudioVersion = 16.0.30413.136
MinimumVisualStudioVersion = 10.0.40219.1
Project("{9A19103F-16F7-4668-BE54-9A1E7A4F7556}") = "01.Train", "01.Train\01.Train.csproj", "{BFCDB875-D537-40D3-9C9E-978FB5F3A225}"
EndProject
Project("{9A19103F-16F7-4668-BE54-9A1E7A4F7556}") = "02. Common Elements", "02. Common Elements\02. Common Elements.csproj", "{0763E90F-6E79-47BA-BA9C-5B1346DA946F}"
EndProject
Project("{9A19103F-16F7-4668-BE54-9A1E7A4F7556}") = "03.Zig-Zag Arrays", "03.Zig-Zag Arrays\03.Zig-Zag Arrays.csproj", "{F9523C3D-574C-4860-919D-11850A9A1A9D}"
EndProject
Project("{9A19103F-16F7-4668-BE54-9A1E7A4F7556}") = "04.Array Rotation", "04.Array Rotation\04.Array Rotation.csproj", "{EF5110BE-74D6-4DB6-A0EA-57E77189318C}"
EndProject
Project("{9A19103F-16F7-4668-BE54-9A1E7A4F7556}") = "05.Top Integers", "05.Top Integers\05.Top Integers.csproj", "{D4623CF7-5A49-4BDA-9C81-D76129C65648}"
EndProject
Project("{9A19103F-16F7-4668-BE54-9A1E7A4F7556}") = "06. EqualSum", "06. EqualSum\06. EqualSum.csproj", "{125D8568-AC9E-4E8B-A3DF-C1C0C2B1DD21}"
EndProject
Project("{9A19103F-16F7-4668-BE54-9A1E7A4F7556}") = "07. MaxSequenceOfEqualElements", "07. MaxSequenceOfEqualElements\07. MaxSequenceOfEqualElements.csproj", "{B1EB6118-E802-4771-A888-467FA450C4EA}"
EndProject
Project("{9A19103F-16F7-4668-BE54-9A1E7A4F7556}") = "08. MagicSum", "08. MagicSum\08. MagicSum.csproj", "{39C24978-A270-4054-9E93-F66B7499AD07}"
EndProject
Project("{9A19103F-16F7-4668-BE54-9A1E7A4F7556}") = "09. KaminoFactory", "09. KaminoFactory\09. KaminoFactory.csproj", "{E4216F6B-101C-4ED2-A0DF-B6F42EA36AEA}"
EndProject
Project("{9A19103F-16F7-4668-BE54-9A1E7A4F7556}") = "10. LadyBugs", "10. LadyBugs\10. LadyBugs.csproj", "{65A9E20D-EAB0-4236-B6EF-DE57A40F0C0D}"
EndProject
Project("{FAE04EC0-301F-11D3-BF4B-00C04F79EFBC}") = "09.KaminoFactory2", "09.KaminoFactory2\09.KaminoFactory2.csproj", "{B7AEBE41-7C2D-4D3C-BEC8-14DB66DFB9C2}"
EndProject
Global
	GlobalSection(SolutionConfigurationPlatforms) = preSolution
		Debug|Any CPU = Debug|Any CPU
		Release|Any CPU = Release|Any CPU
	EndGlobalSection
	GlobalSection(ProjectConfigurationPlatforms) = postSolution
		{BFCDB875-D537-40D3-9C9E-978FB5F3A225}.Debug|Any CPU.ActiveCfg = Debug|Any CPU
		{BFCDB875-D537-40D3-9C9E-978FB5F3A225}.Debug|Any CPU.Build.0 = Debug|Any CPU
		{BFCDB875-D537-40D3-9C9E-978FB5F3A225}.Release|Any CPU.ActiveCfg = Release|Any CPU
		{BFCDB875-D537-40D3-9C9E-978FB5F3A225}.Release|Any CPU.Build.0 = Release|Any CPU
		{0763E90F-6E79-47BA-BA9C-5B1346DA946F}.Debug|Any CPU.ActiveCfg = Debug|Any CPU
		{0763E90F-6E79-47BA-BA9C-5B1346DA946F}.Debug|Any CPU.Build.0 = Debug|Any CPU
		{0763E90F-6E79-47BA-BA9C-5B1346DA946F}.Release|Any CPU.ActiveCfg = Release|Any CPU
		{0763E90F-6E79-47BA-BA9C-5B1346DA946F}.Release|Any CPU.Build.0 = Release|Any CPU
		{F9523C3D-574C-4860-919D-11850A9A1A9D}.Debug|Any CPU.ActiveCfg = Debug|Any CPU
		{F9523C3D-574C-4860-919D-11850A9A1A9D}.Debug|Any CPU.Build.0 = Debug|Any CPU
		{F9523C3D-574C-4860-919D-11850A9A1A9D}.Release|Any CPU.ActiveCfg = Release|Any CPU
		{F9523C3D-574C-4860-919D-11850A9A1A9D}.Release|Any CPU.Build.0 = Release|Any CPU
		{EF5110BE-74D6-4DB6-A0EA-57E77189318C}.Debug|Any CPU.ActiveCfg = Debug|Any CPU
		{EF5110BE-74D6-4DB6-A0EA-57E77189318C}.Debug|Any CPU.Build.0 = Debug|Any CPU
		{EF5110BE-74D6-4DB6-A0EA-57E77189318C}.Release|Any CPU.ActiveCfg = Release|Any CPU
		{EF5110BE-74D6-4DB6-A0EA-57E77189318C}.Release|Any CPU.Build.0 = Release|Any CPU
		{D4623CF7-5A49-4BDA-9C81-D76129C65648}.Debug|Any CPU.ActiveCfg = Debug|Any CPU
		{D4623CF7-5A49-4BDA-9C81-D76129C65648}.Debug|Any CPU.Build.0 = Debug|Any CPU
		{D4623CF7-5A49-4BDA-9C81-D76129C65648}.Release|Any CPU.ActiveCfg = Release|Any CPU
		{D4623CF7-5A49-4BDA-9C81-D76129C65648}.Release|Any CPU.Build.0 = Release|Any CPU
		{125D8568-AC9E-4E8B-A3DF-C1C0C2B1DD21}.Debug|Any CPU.ActiveCfg = Debug|Any CPU
		{125D8568-AC9E-4E8B-A3DF-C1C0C2B1DD21}.Debug|Any CPU.Build.0 = Debug|Any CPU
		{125D8568-AC9E-4E8B-A3DF-C1C0C2B1DD21}.Release|Any CPU.ActiveCfg = Release|Any CPU
		{125D8568-AC9E-4E8B-A3DF-C1C0C2B1DD21}.Release|Any CPU.Build.0 = Release|Any CPU
		{B1EB6118-E802-4771-A888-467FA450C4EA}.Debug|Any CPU.ActiveCfg = Debug|Any CPU
		{B1EB6118-E802-4771-A888-467FA450C4EA}.Debug|Any CPU.Build.0 = Debug|Any CPU
		{B1EB6118-E802-4771-A888-467FA450C4EA}.Release|Any CPU.ActiveCfg = Release|Any CPU
		{B1EB6118-E802-4771-A888-467FA450C4EA}.Release|Any CPU.Build.0 = Release|Any CPU
		{39C24978-A270-4054-9E93-F66B7499AD07}.Debug|Any CPU.ActiveCfg = Debug|Any CPU
		{39C24978-A270-4054-9E93-F66B7499AD07}.Debug|Any CPU.Build.0 = Debug|Any CPU
		{39C24978-A270-4054-9E93-F66B7499AD07}.Release|Any CPU.ActiveCfg = Release|Any CPU
		{39C24978-A270-4054-9E93-F66B7499AD07}.Release|Any CPU.Build.0 = Release|Any CPU
		{E4216F6B-101C-4ED2-A0DF-B6F42EA36AEA}.Debug|Any CPU.ActiveCfg = Debug|Any CPU
		{E4216F6B-101C-4ED2-A0DF-B6F42EA36AEA}.Debug|Any CPU.Build.0 = Debug|Any CPU
		{E4216F6B-101C-4ED2-A0DF-B6F42EA36AEA}.Release|Any CPU.ActiveCfg = Release|Any CPU
		{E4216F6B-101C-4ED2-A0DF-B6F42EA36AEA}.Release|Any CPU.Build.0 = Release|Any CPU
		{65A9E20D-EAB0-4236-B6EF-DE57A40F0C0D}.Debug|Any CPU.ActiveCfg = Debug|Any CPU
		{65A9E20D-EAB0-4236-B6EF-DE57A40F0C0D}.Debug|Any CPU.Build.0 = Debug|Any CPU
		{65A9E20D-EAB0-4236-B6EF-DE57A40F0C0D}.Release|Any CPU.ActiveCfg = Release|Any CPU
		{65A9E20D-EAB0-4236-B6EF-DE57A40F0C0D}.Release|Any CPU.Build.0 = Release|Any CPU
		{B7AEBE41-7C2D-4D3C-BEC8-14DB66DFB9C2}.Debug|Any CPU.ActiveCfg = Debug|Any CPU
		{B7AEBE41-7C2D-4D3C-BEC8-14DB66DFB9C2}.Debug|Any CPU.Build.0 = Debug|Any CPU
		{B7AEBE41-7C2D-4D3C-BEC8-14DB66DFB9C2}.Release|Any CPU.ActiveCfg = Release|Any CPU
		{B7AEBE41-7C2D-4D3C-BEC8-14DB66DFB9C2}.Release|Any CPU.Build.0 = Release|Any CPU
	EndGlobalSection
	GlobalSection(SolutionProperties) = preSolution
		HideSolutionNode = FALSE
	EndGlobalSection
	GlobalSection(ExtensibilityGlobals) = postSolution
		SolutionGuid = {1F60284A-AC39-4B0E-AB6F-2F5BF9B4AD80}
	EndGlobalSection
EndGlobal
