
Microsoft Visual Studio Solution File, Format Version 12.00
# Visual Studio Version 17
VisualStudioVersion = 17.2.32616.157
MinimumVisualStudioVersion = 10.0.40219.1
Project("{FAE04EC0-301F-11D3-BF4B-00C04F79EFBC}") = "01.Distance-Between-Vertices", "01.Distance-Between-Vertices\01.Distance-Between-Vertices.csproj", "{0364802F-3346-4A5B-86DB-F7D387EA65B3}"
EndProject
Project("{FAE04EC0-301F-11D3-BF4B-00C04F79EFBC}") = "02.Areas-in-Matrix", "02.Areas-in-Matrix\02.Areas-in-Matrix.csproj", "{762BFF90-7A57-487A-8325-0F7E0221BBB0}"
EndProject
Global
	GlobalSection(SolutionConfigurationPlatforms) = preSolution
		Debug|Any CPU = Debug|Any CPU
		Release|Any CPU = Release|Any CPU
	EndGlobalSection
	GlobalSection(ProjectConfigurationPlatforms) = postSolution
		{0364802F-3346-4A5B-86DB-F7D387EA65B3}.Debug|Any CPU.ActiveCfg = Debug|Any CPU
		{0364802F-3346-4A5B-86DB-F7D387EA65B3}.Debug|Any CPU.Build.0 = Debug|Any CPU
		{0364802F-3346-4A5B-86DB-F7D387EA65B3}.Release|Any CPU.ActiveCfg = Release|Any CPU
		{0364802F-3346-4A5B-86DB-F7D387EA65B3}.Release|Any CPU.Build.0 = Release|Any CPU
		{762BFF90-7A57-487A-8325-0F7E0221BBB0}.Debug|Any CPU.ActiveCfg = Debug|Any CPU
		{762BFF90-7A57-487A-8325-0F7E0221BBB0}.Debug|Any CPU.Build.0 = Debug|Any CPU
		{762BFF90-7A57-487A-8325-0F7E0221BBB0}.Release|Any CPU.ActiveCfg = Release|Any CPU
		{762BFF90-7A57-487A-8325-0F7E0221BBB0}.Release|Any CPU.Build.0 = Release|Any CPU
	EndGlobalSection
	GlobalSection(SolutionProperties) = preSolution
		HideSolutionNode = FALSE
	EndGlobalSection
	GlobalSection(ExtensibilityGlobals) = postSolution
		SolutionGuid = {D90F414F-0FBF-42B2-A328-FFB97B33484A}
	EndGlobalSection
EndGlobal
