
Microsoft Visual Studio Solution File, Format Version 12.00
# Visual Studio Version 16
VisualStudioVersion = 16.0.31005.135
MinimumVisualStudioVersion = 10.0.40219.1
<<<<<<< HEAD
Project("{9A19103F-16F7-4668-BE54-9A1E7A4F7556}") = "01.Single-Inheritance", "01.Single-Inheritance\01.Single-Inheritance.csproj", "{803C8838-D51B-4CA8-A387-596FCC524934}"
EndProject
Project("{9A19103F-16F7-4668-BE54-9A1E7A4F7556}") = "02.MultipleInheritance", "02.MultipleInheritance\02.MultipleInheritance.csproj", "{E447A506-CF11-4D4F-B151-364E74470F1E}"
EndProject
Project("{9A19103F-16F7-4668-BE54-9A1E7A4F7556}") = "03.Hierarchical-Inheritance", "03.Hierarchical-Inheritance\03.Hierarchical-Inheritance.csproj", "{DFDB75FB-C63D-4346-AEB1-078AD1FD1B47}"
EndProject
Project("{9A19103F-16F7-4668-BE54-9A1E7A4F7556}") = "04.Random-List", "04.Random-List\04.Random-List.csproj", "{522C3F92-92C6-453E-B9E0-AEC20B0C734E}"
EndProject
Project("{FAE04EC0-301F-11D3-BF4B-00C04F79EFBC}") = "05.Stack-of-Strings", "05.Stack-of-Strings\05.Stack-of-Strings.csproj", "{71506EDF-2828-45C1-8CDD-8707BD6267AA}"
=======
Project("{FAE04EC0-301F-11D3-BF4B-00C04F79EFBC}") = "01.Single-Inheritance", "01.Single-Inheritance\01.Single-Inheritance.csproj", "{803C8838-D51B-4CA8-A387-596FCC524934}"
EndProject
Project("{FAE04EC0-301F-11D3-BF4B-00C04F79EFBC}") = "02.MultipleInheritance", "02.MultipleInheritance\02.MultipleInheritance.csproj", "{E447A506-CF11-4D4F-B151-364E74470F1E}"
>>>>>>> 8fd1dc7d9d213035272a211f2d700da84939f4ac
EndProject
Global
	GlobalSection(SolutionConfigurationPlatforms) = preSolution
		Debug|Any CPU = Debug|Any CPU
		Release|Any CPU = Release|Any CPU
	EndGlobalSection
	GlobalSection(ProjectConfigurationPlatforms) = postSolution
		{803C8838-D51B-4CA8-A387-596FCC524934}.Debug|Any CPU.ActiveCfg = Debug|Any CPU
		{803C8838-D51B-4CA8-A387-596FCC524934}.Debug|Any CPU.Build.0 = Debug|Any CPU
		{803C8838-D51B-4CA8-A387-596FCC524934}.Release|Any CPU.ActiveCfg = Release|Any CPU
		{803C8838-D51B-4CA8-A387-596FCC524934}.Release|Any CPU.Build.0 = Release|Any CPU
		{E447A506-CF11-4D4F-B151-364E74470F1E}.Debug|Any CPU.ActiveCfg = Debug|Any CPU
		{E447A506-CF11-4D4F-B151-364E74470F1E}.Debug|Any CPU.Build.0 = Debug|Any CPU
		{E447A506-CF11-4D4F-B151-364E74470F1E}.Release|Any CPU.ActiveCfg = Release|Any CPU
		{E447A506-CF11-4D4F-B151-364E74470F1E}.Release|Any CPU.Build.0 = Release|Any CPU
<<<<<<< HEAD
		{DFDB75FB-C63D-4346-AEB1-078AD1FD1B47}.Debug|Any CPU.ActiveCfg = Debug|Any CPU
		{DFDB75FB-C63D-4346-AEB1-078AD1FD1B47}.Debug|Any CPU.Build.0 = Debug|Any CPU
		{DFDB75FB-C63D-4346-AEB1-078AD1FD1B47}.Release|Any CPU.ActiveCfg = Release|Any CPU
		{DFDB75FB-C63D-4346-AEB1-078AD1FD1B47}.Release|Any CPU.Build.0 = Release|Any CPU
		{522C3F92-92C6-453E-B9E0-AEC20B0C734E}.Debug|Any CPU.ActiveCfg = Debug|Any CPU
		{522C3F92-92C6-453E-B9E0-AEC20B0C734E}.Debug|Any CPU.Build.0 = Debug|Any CPU
		{522C3F92-92C6-453E-B9E0-AEC20B0C734E}.Release|Any CPU.ActiveCfg = Release|Any CPU
		{522C3F92-92C6-453E-B9E0-AEC20B0C734E}.Release|Any CPU.Build.0 = Release|Any CPU
		{71506EDF-2828-45C1-8CDD-8707BD6267AA}.Debug|Any CPU.ActiveCfg = Debug|Any CPU
		{71506EDF-2828-45C1-8CDD-8707BD6267AA}.Debug|Any CPU.Build.0 = Debug|Any CPU
		{71506EDF-2828-45C1-8CDD-8707BD6267AA}.Release|Any CPU.ActiveCfg = Release|Any CPU
		{71506EDF-2828-45C1-8CDD-8707BD6267AA}.Release|Any CPU.Build.0 = Release|Any CPU
=======
>>>>>>> 8fd1dc7d9d213035272a211f2d700da84939f4ac
	EndGlobalSection
	GlobalSection(SolutionProperties) = preSolution
		HideSolutionNode = FALSE
	EndGlobalSection
	GlobalSection(ExtensibilityGlobals) = postSolution
		SolutionGuid = {409480A6-DFBF-4944-B477-7C78AB12E331}
	EndGlobalSection
EndGlobal
