
Microsoft Visual Studio Solution File, Format Version 12.00
# Visual Studio Version 16
VisualStudioVersion = 16.0.30523.141
MinimumVisualStudioVersion = 10.0.40219.1
Project("{FAE04EC0-301F-11D3-BF4B-00C04F79EFBC}") = "01. ConvertMetersТoKilometers", "01. ConvertMetersТoKilometers\01. ConvertMetersТoKilometers.csproj", "{ABF8BFD9-A048-4D15-A97A-8BA59F023ECA}"
EndProject
Project("{FAE04EC0-301F-11D3-BF4B-00C04F79EFBC}") = "02. PoundsToDollars", "02. PoundsToDollars\02. PoundsToDollars.csproj", "{4A033E15-A7D6-452B-965B-1E0E01A6554C}"
EndProject
Project("{FAE04EC0-301F-11D3-BF4B-00C04F79EFBC}") = "03. ExactSumOfRealNumbers", "03. ExactSumOfRealNumbers\03. ExactSumOfRealNumbers.csproj", "{B594207A-CD82-4866-817D-EFDB8B3672C9}"
EndProject
Project("{FAE04EC0-301F-11D3-BF4B-00C04F79EFBC}") = "04. CenturiesТoMinutes", "04. CenturiesТoMinutes\04. CenturiesТoMinutes.csproj", "{B84BB49F-B550-4E65-8CE0-5C01C8769603}"
EndProject
Project("{FAE04EC0-301F-11D3-BF4B-00C04F79EFBC}") = "05. SpecialNumbers", "05. SpecialNumbers\05. SpecialNumbers.csproj", "{748D837B-C1AD-4972-B0E2-4CAC23D8C3D5}"
EndProject
Project("{FAE04EC0-301F-11D3-BF4B-00C04F79EFBC}") = "06. ReversedChars", "06. ReversedChars\06. ReversedChars.csproj", "{09767647-4D3E-4E14-832B-BE428D3C3383}"
EndProject
Global
	GlobalSection(SolutionConfigurationPlatforms) = preSolution
		Debug|Any CPU = Debug|Any CPU
		Release|Any CPU = Release|Any CPU
	EndGlobalSection
	GlobalSection(ProjectConfigurationPlatforms) = postSolution
		{ABF8BFD9-A048-4D15-A97A-8BA59F023ECA}.Debug|Any CPU.ActiveCfg = Debug|Any CPU
		{ABF8BFD9-A048-4D15-A97A-8BA59F023ECA}.Debug|Any CPU.Build.0 = Debug|Any CPU
		{ABF8BFD9-A048-4D15-A97A-8BA59F023ECA}.Release|Any CPU.ActiveCfg = Release|Any CPU
		{ABF8BFD9-A048-4D15-A97A-8BA59F023ECA}.Release|Any CPU.Build.0 = Release|Any CPU
		{4A033E15-A7D6-452B-965B-1E0E01A6554C}.Debug|Any CPU.ActiveCfg = Debug|Any CPU
		{4A033E15-A7D6-452B-965B-1E0E01A6554C}.Debug|Any CPU.Build.0 = Debug|Any CPU
		{4A033E15-A7D6-452B-965B-1E0E01A6554C}.Release|Any CPU.ActiveCfg = Release|Any CPU
		{4A033E15-A7D6-452B-965B-1E0E01A6554C}.Release|Any CPU.Build.0 = Release|Any CPU
		{B594207A-CD82-4866-817D-EFDB8B3672C9}.Debug|Any CPU.ActiveCfg = Debug|Any CPU
		{B594207A-CD82-4866-817D-EFDB8B3672C9}.Debug|Any CPU.Build.0 = Debug|Any CPU
		{B594207A-CD82-4866-817D-EFDB8B3672C9}.Release|Any CPU.ActiveCfg = Release|Any CPU
		{B594207A-CD82-4866-817D-EFDB8B3672C9}.Release|Any CPU.Build.0 = Release|Any CPU
		{B84BB49F-B550-4E65-8CE0-5C01C8769603}.Debug|Any CPU.ActiveCfg = Debug|Any CPU
		{B84BB49F-B550-4E65-8CE0-5C01C8769603}.Debug|Any CPU.Build.0 = Debug|Any CPU
		{B84BB49F-B550-4E65-8CE0-5C01C8769603}.Release|Any CPU.ActiveCfg = Release|Any CPU
		{B84BB49F-B550-4E65-8CE0-5C01C8769603}.Release|Any CPU.Build.0 = Release|Any CPU
		{748D837B-C1AD-4972-B0E2-4CAC23D8C3D5}.Debug|Any CPU.ActiveCfg = Debug|Any CPU
		{748D837B-C1AD-4972-B0E2-4CAC23D8C3D5}.Debug|Any CPU.Build.0 = Debug|Any CPU
		{748D837B-C1AD-4972-B0E2-4CAC23D8C3D5}.Release|Any CPU.ActiveCfg = Release|Any CPU
		{748D837B-C1AD-4972-B0E2-4CAC23D8C3D5}.Release|Any CPU.Build.0 = Release|Any CPU
		{09767647-4D3E-4E14-832B-BE428D3C3383}.Debug|Any CPU.ActiveCfg = Debug|Any CPU
		{09767647-4D3E-4E14-832B-BE428D3C3383}.Debug|Any CPU.Build.0 = Debug|Any CPU
		{09767647-4D3E-4E14-832B-BE428D3C3383}.Release|Any CPU.ActiveCfg = Release|Any CPU
		{09767647-4D3E-4E14-832B-BE428D3C3383}.Release|Any CPU.Build.0 = Release|Any CPU
	EndGlobalSection
	GlobalSection(SolutionProperties) = preSolution
		HideSolutionNode = FALSE
	EndGlobalSection
	GlobalSection(ExtensibilityGlobals) = postSolution
		SolutionGuid = {FCDA76A5-6217-4A33-8D07-6A5A84AB6A82}
	EndGlobalSection
EndGlobal
